// !$*UTF8*$!
{
	archiveVersion = 1;
	classes = {
	};
	objectVersion = 55;
	objects = {

/* Begin PBXBuildFile section */
		6DAB67C1A6C4FB5A95841E65 /* Pods_Movie_MovieUITests.framework in Frameworks */ = {isa = PBXBuildFile; fileRef = B0053B7034DC4D4793CB738F /* Pods_Movie_MovieUITests.framework */; };
		7EB681011C1C52026542022D /* Pods_Movie.framework in Frameworks */ = {isa = PBXBuildFile; fileRef = E9B74CF22F90E93D10185D54 /* Pods_Movie.framework */; };
		9312A25648CC2E3A50FC5181 /* Pods_MovieTests.framework in Frameworks */ = {isa = PBXBuildFile; fileRef = 7D66D7E3CE1D1226248B3617 /* Pods_MovieTests.framework */; };
		C08788CC287EB38A00460E08 /* MovieListCollectionViewCell.swift in Sources */ = {isa = PBXBuildFile; fileRef = C08788CB287EB38900460E08 /* MovieListCollectionViewCell.swift */; };
		C0D7A82E28883F950054FF36 /* MovieDetailViewController.swift in Sources */ = {isa = PBXBuildFile; fileRef = C0D7A82D28883F950054FF36 /* MovieDetailViewController.swift */; };
		C0D7A83028883FB00054FF36 /* MovieDetailPresenter.swift in Sources */ = {isa = PBXBuildFile; fileRef = C0D7A82F28883FB00054FF36 /* MovieDetailPresenter.swift */; };
		C0DE2E112877355000110F51 /* MovieSaearchRequestModel.swift in Sources */ = {isa = PBXBuildFile; fileRef = C0DE2E102877355000110F51 /* MovieSaearchRequestModel.swift */; };
		C0DE2E132877366600110F51 /* MovieSearchResponseModel.swift in Sources */ = {isa = PBXBuildFile; fileRef = C0DE2E122877366600110F51 /* MovieSearchResponseModel.swift */; };
		C0DE2E16287737AD00110F51 /* Movie.swift in Sources */ = {isa = PBXBuildFile; fileRef = C0DE2E15287737AD00110F51 /* Movie.swift */; };
		C0DE2E182877382C00110F51 /* MovieSearchManager.swift in Sources */ = {isa = PBXBuildFile; fileRef = C0DE2E172877382C00110F51 /* MovieSearchManager.swift */; };
		C0E6B26E2873ADA300BCD9ED /* AppDelegate.swift in Sources */ = {isa = PBXBuildFile; fileRef = C0E6B26D2873ADA300BCD9ED /* AppDelegate.swift */; };
		C0E6B2702873ADA300BCD9ED /* SceneDelegate.swift in Sources */ = {isa = PBXBuildFile; fileRef = C0E6B26F2873ADA300BCD9ED /* SceneDelegate.swift */; };
		C0E6B2722873ADA300BCD9ED /* MovieListViewController.swift in Sources */ = {isa = PBXBuildFile; fileRef = C0E6B2712873ADA300BCD9ED /* MovieListViewController.swift */; };
		C0E6B2772873ADA500BCD9ED /* Assets.xcassets in Resources */ = {isa = PBXBuildFile; fileRef = C0E6B2762873ADA500BCD9ED /* Assets.xcassets */; };
		C0E6B27A2873ADA500BCD9ED /* LaunchScreen.storyboard in Resources */ = {isa = PBXBuildFile; fileRef = C0E6B2782873ADA500BCD9ED /* LaunchScreen.storyboard */; };
		C0E6B28F2873ADA500BCD9ED /* MovieUITests.swift in Sources */ = {isa = PBXBuildFile; fileRef = C0E6B28E2873ADA500BCD9ED /* MovieUITests.swift */; };
		C0E6B2912873ADA500BCD9ED /* MovieUITestsLaunchTests.swift in Sources */ = {isa = PBXBuildFile; fileRef = C0E6B2902873ADA500BCD9ED /* MovieUITestsLaunchTests.swift */; };
		C0E6B29F2873AE2C00BCD9ED /* SnapKit in Frameworks */ = {isa = PBXBuildFile; productRef = C0E6B29E2873AE2C00BCD9ED /* SnapKit */; };
		C0E6B2A22873AE4D00BCD9ED /* Alamofire in Frameworks */ = {isa = PBXBuildFile; productRef = C0E6B2A12873AE4D00BCD9ED /* Alamofire */; };
		C0E6B2A52873AE6300BCD9ED /* Kingfisher in Frameworks */ = {isa = PBXBuildFile; productRef = C0E6B2A42873AE6300BCD9ED /* Kingfisher */; };
		C0E863C22894D4F200C39621 /* MovieListPresenterTests.swift in Sources */ = {isa = PBXBuildFile; fileRef = C0E863C12894D4F200C39621 /* MovieListPresenterTests.swift */; };
		C0E863C52894DA9400C39621 /* MockMovieSearchManager.swift in Sources */ = {isa = PBXBuildFile; fileRef = C0E863C42894DA9400C39621 /* MockMovieSearchManager.swift */; };
		C0E863C82894DB0000C39621 /* MockUserDefaultsManager.swift in Sources */ = {isa = PBXBuildFile; fileRef = C0E863C72894DB0000C39621 /* MockUserDefaultsManager.swift */; };
		C0E863CA2895726D00C39621 /* MockMovieListViewTests.swift in Sources */ = {isa = PBXBuildFile; fileRef = C0E863C92895726D00C39621 /* MockMovieListViewTests.swift */; };
		C0F15C35287D4553000C190F /* MovieListPresenter.swift in Sources */ = {isa = PBXBuildFile; fileRef = C0F15C34287D4553000C190F /* MovieListPresenter.swift */; };
		C0F9C878289020BE00F53282 /* MovieContentStackView.swift in Sources */ = {isa = PBXBuildFile; fileRef = C0F9C877289020BE00F53282 /* MovieContentStackView.swift */; };
		C0F9C87A2890247300F53282 /* UserDefaultsManager.swift in Sources */ = {isa = PBXBuildFile; fileRef = C0F9C8792890247300F53282 /* UserDefaultsManager.swift */; };
/* End PBXBuildFile section */

/* Begin PBXContainerItemProxy section */
		C0E6B2812873ADA500BCD9ED /* PBXContainerItemProxy */ = {
			isa = PBXContainerItemProxy;
			containerPortal = C0E6B2622873ADA300BCD9ED /* Project object */;
			proxyType = 1;
			remoteGlobalIDString = C0E6B2692873ADA300BCD9ED;
			remoteInfo = Movie;
		};
		C0E6B28B2873ADA500BCD9ED /* PBXContainerItemProxy */ = {
			isa = PBXContainerItemProxy;
			containerPortal = C0E6B2622873ADA300BCD9ED /* Project object */;
			proxyType = 1;
			remoteGlobalIDString = C0E6B2692873ADA300BCD9ED;
			remoteInfo = Movie;
		};
/* End PBXContainerItemProxy section */

/* Begin PBXFileReference section */
		3742D9C4AA50CF5A0A9EF5D9 /* Pods-Movie.debug.xcconfig */ = {isa = PBXFileReference; includeInIndex = 1; lastKnownFileType = text.xcconfig; name = "Pods-Movie.debug.xcconfig"; path = "Target Support Files/Pods-Movie/Pods-Movie.debug.xcconfig"; sourceTree = "<group>"; };
		4FB8780B907C446118DDCC21 /* Pods-MovieTests.release.xcconfig */ = {isa = PBXFileReference; includeInIndex = 1; lastKnownFileType = text.xcconfig; name = "Pods-MovieTests.release.xcconfig"; path = "Target Support Files/Pods-MovieTests/Pods-MovieTests.release.xcconfig"; sourceTree = "<group>"; };
		70DF393360394C3E8B56F2A2 /* Pods-Movie-MovieUITests.release.xcconfig */ = {isa = PBXFileReference; includeInIndex = 1; lastKnownFileType = text.xcconfig; name = "Pods-Movie-MovieUITests.release.xcconfig"; path = "Target Support Files/Pods-Movie-MovieUITests/Pods-Movie-MovieUITests.release.xcconfig"; sourceTree = "<group>"; };
		7D66D7E3CE1D1226248B3617 /* Pods_MovieTests.framework */ = {isa = PBXFileReference; explicitFileType = wrapper.framework; includeInIndex = 0; path = Pods_MovieTests.framework; sourceTree = BUILT_PRODUCTS_DIR; };
		84F56B36432129D44D8703BF /* Pods-Movie.release.xcconfig */ = {isa = PBXFileReference; includeInIndex = 1; lastKnownFileType = text.xcconfig; name = "Pods-Movie.release.xcconfig"; path = "Target Support Files/Pods-Movie/Pods-Movie.release.xcconfig"; sourceTree = "<group>"; };
		B0053B7034DC4D4793CB738F /* Pods_Movie_MovieUITests.framework */ = {isa = PBXFileReference; explicitFileType = wrapper.framework; includeInIndex = 0; path = Pods_Movie_MovieUITests.framework; sourceTree = BUILT_PRODUCTS_DIR; };
		C08788CB287EB38900460E08 /* MovieListCollectionViewCell.swift */ = {isa = PBXFileReference; lastKnownFileType = sourcecode.swift; path = MovieListCollectionViewCell.swift; sourceTree = "<group>"; };
		C0D7A82D28883F950054FF36 /* MovieDetailViewController.swift */ = {isa = PBXFileReference; lastKnownFileType = sourcecode.swift; path = MovieDetailViewController.swift; sourceTree = "<group>"; };
		C0D7A82F28883FB00054FF36 /* MovieDetailPresenter.swift */ = {isa = PBXFileReference; lastKnownFileType = sourcecode.swift; path = MovieDetailPresenter.swift; sourceTree = "<group>"; };
		C0DE2E102877355000110F51 /* MovieSaearchRequestModel.swift */ = {isa = PBXFileReference; lastKnownFileType = sourcecode.swift; path = MovieSaearchRequestModel.swift; sourceTree = "<group>"; };
		C0DE2E122877366600110F51 /* MovieSearchResponseModel.swift */ = {isa = PBXFileReference; lastKnownFileType = sourcecode.swift; path = MovieSearchResponseModel.swift; sourceTree = "<group>"; };
		C0DE2E15287737AD00110F51 /* Movie.swift */ = {isa = PBXFileReference; lastKnownFileType = sourcecode.swift; path = Movie.swift; sourceTree = "<group>"; };
		C0DE2E172877382C00110F51 /* MovieSearchManager.swift */ = {isa = PBXFileReference; lastKnownFileType = sourcecode.swift; path = MovieSearchManager.swift; sourceTree = "<group>"; };
		C0E6B26A2873ADA300BCD9ED /* Movie.app */ = {isa = PBXFileReference; explicitFileType = wrapper.application; includeInIndex = 0; path = Movie.app; sourceTree = BUILT_PRODUCTS_DIR; };
		C0E6B26D2873ADA300BCD9ED /* AppDelegate.swift */ = {isa = PBXFileReference; lastKnownFileType = sourcecode.swift; path = AppDelegate.swift; sourceTree = "<group>"; };
		C0E6B26F2873ADA300BCD9ED /* SceneDelegate.swift */ = {isa = PBXFileReference; lastKnownFileType = sourcecode.swift; path = SceneDelegate.swift; sourceTree = "<group>"; };
		C0E6B2712873ADA300BCD9ED /* MovieListViewController.swift */ = {isa = PBXFileReference; lastKnownFileType = sourcecode.swift; path = MovieListViewController.swift; sourceTree = "<group>"; };
		C0E6B2762873ADA500BCD9ED /* Assets.xcassets */ = {isa = PBXFileReference; lastKnownFileType = folder.assetcatalog; path = Assets.xcassets; sourceTree = "<group>"; };
		C0E6B2792873ADA500BCD9ED /* Base */ = {isa = PBXFileReference; lastKnownFileType = file.storyboard; name = Base; path = Base.lproj/LaunchScreen.storyboard; sourceTree = "<group>"; };
		C0E6B27B2873ADA500BCD9ED /* Info.plist */ = {isa = PBXFileReference; lastKnownFileType = text.plist.xml; path = Info.plist; sourceTree = "<group>"; };
		C0E6B2802873ADA500BCD9ED /* MovieTests.xctest */ = {isa = PBXFileReference; explicitFileType = wrapper.cfbundle; includeInIndex = 0; path = MovieTests.xctest; sourceTree = BUILT_PRODUCTS_DIR; };
		C0E6B28A2873ADA500BCD9ED /* MovieUITests.xctest */ = {isa = PBXFileReference; explicitFileType = wrapper.cfbundle; includeInIndex = 0; path = MovieUITests.xctest; sourceTree = BUILT_PRODUCTS_DIR; };
		C0E6B28E2873ADA500BCD9ED /* MovieUITests.swift */ = {isa = PBXFileReference; lastKnownFileType = sourcecode.swift; path = MovieUITests.swift; sourceTree = "<group>"; };
		C0E6B2902873ADA500BCD9ED /* MovieUITestsLaunchTests.swift */ = {isa = PBXFileReference; lastKnownFileType = sourcecode.swift; path = MovieUITestsLaunchTests.swift; sourceTree = "<group>"; };
		C0E863C12894D4F200C39621 /* MovieListPresenterTests.swift */ = {isa = PBXFileReference; lastKnownFileType = sourcecode.swift; path = MovieListPresenterTests.swift; sourceTree = "<group>"; };
		C0E863C42894DA9400C39621 /* MockMovieSearchManager.swift */ = {isa = PBXFileReference; lastKnownFileType = sourcecode.swift; path = MockMovieSearchManager.swift; sourceTree = "<group>"; };
		C0E863C72894DB0000C39621 /* MockUserDefaultsManager.swift */ = {isa = PBXFileReference; lastKnownFileType = sourcecode.swift; path = MockUserDefaultsManager.swift; sourceTree = "<group>"; };
		C0E863C92895726D00C39621 /* MockMovieListViewTests.swift */ = {isa = PBXFileReference; lastKnownFileType = sourcecode.swift; path = MockMovieListViewTests.swift; sourceTree = "<group>"; };
		C0F15C34287D4553000C190F /* MovieListPresenter.swift */ = {isa = PBXFileReference; lastKnownFileType = sourcecode.swift; path = MovieListPresenter.swift; sourceTree = "<group>"; };
		C0F9C877289020BE00F53282 /* MovieContentStackView.swift */ = {isa = PBXFileReference; lastKnownFileType = sourcecode.swift; path = MovieContentStackView.swift; sourceTree = "<group>"; };
		C0F9C8792890247300F53282 /* UserDefaultsManager.swift */ = {isa = PBXFileReference; lastKnownFileType = sourcecode.swift; path = UserDefaultsManager.swift; sourceTree = "<group>"; };
		D589E05698333C1989AD13B5 /* Pods-Movie-MovieUITests.debug.xcconfig */ = {isa = PBXFileReference; includeInIndex = 1; lastKnownFileType = text.xcconfig; name = "Pods-Movie-MovieUITests.debug.xcconfig"; path = "Target Support Files/Pods-Movie-MovieUITests/Pods-Movie-MovieUITests.debug.xcconfig"; sourceTree = "<group>"; };
		E39ED27DE21A5255884AD7BD /* Pods-MovieTests.debug.xcconfig */ = {isa = PBXFileReference; includeInIndex = 1; lastKnownFileType = text.xcconfig; name = "Pods-MovieTests.debug.xcconfig"; path = "Target Support Files/Pods-MovieTests/Pods-MovieTests.debug.xcconfig"; sourceTree = "<group>"; };
		E9B74CF22F90E93D10185D54 /* Pods_Movie.framework */ = {isa = PBXFileReference; explicitFileType = wrapper.framework; includeInIndex = 0; path = Pods_Movie.framework; sourceTree = BUILT_PRODUCTS_DIR; };
/* End PBXFileReference section */

/* Begin PBXFrameworksBuildPhase section */
		C0E6B2672873ADA300BCD9ED /* Frameworks */ = {
			isa = PBXFrameworksBuildPhase;
			buildActionMask = 2147483647;
			files = (
				C0E6B2A52873AE6300BCD9ED /* Kingfisher in Frameworks */,
				C0E6B29F2873AE2C00BCD9ED /* SnapKit in Frameworks */,
				C0E6B2A22873AE4D00BCD9ED /* Alamofire in Frameworks */,
				7EB681011C1C52026542022D /* Pods_Movie.framework in Frameworks */,
			);
			runOnlyForDeploymentPostprocessing = 0;
		};
		C0E6B27D2873ADA500BCD9ED /* Frameworks */ = {
			isa = PBXFrameworksBuildPhase;
			buildActionMask = 2147483647;
			files = (
				9312A25648CC2E3A50FC5181 /* Pods_MovieTests.framework in Frameworks */,
			);
			runOnlyForDeploymentPostprocessing = 0;
		};
		C0E6B2872873ADA500BCD9ED /* Frameworks */ = {
			isa = PBXFrameworksBuildPhase;
			buildActionMask = 2147483647;
			files = (
				6DAB67C1A6C4FB5A95841E65 /* Pods_Movie_MovieUITests.framework in Frameworks */,
			);
			runOnlyForDeploymentPostprocessing = 0;
		};
/* End PBXFrameworksBuildPhase section */

/* Begin PBXGroup section */
		357C9131BC8D23C507837A41 /* Pods */ = {
			isa = PBXGroup;
			children = (
				3742D9C4AA50CF5A0A9EF5D9 /* Pods-Movie.debug.xcconfig */,
				84F56B36432129D44D8703BF /* Pods-Movie.release.xcconfig */,
				D589E05698333C1989AD13B5 /* Pods-Movie-MovieUITests.debug.xcconfig */,
				70DF393360394C3E8B56F2A2 /* Pods-Movie-MovieUITests.release.xcconfig */,
				E39ED27DE21A5255884AD7BD /* Pods-MovieTests.debug.xcconfig */,
				4FB8780B907C446118DDCC21 /* Pods-MovieTests.release.xcconfig */,
			);
			path = Pods;
			sourceTree = "<group>";
		};
		A9DF5ADFA2EEAC8E0992495B /* Frameworks */ = {
			isa = PBXGroup;
			children = (
				E9B74CF22F90E93D10185D54 /* Pods_Movie.framework */,
				B0053B7034DC4D4793CB738F /* Pods_Movie_MovieUITests.framework */,
				7D66D7E3CE1D1226248B3617 /* Pods_MovieTests.framework */,
			);
			name = Frameworks;
			sourceTree = "<group>";
		};
		C08788CD287EB39100460E08 /* MovieList */ = {
			isa = PBXGroup;
			children = (
				C0E6B2712873ADA300BCD9ED /* MovieListViewController.swift */,
				C0F15C34287D4553000C190F /* MovieListPresenter.swift */,
				C08788CB287EB38900460E08 /* MovieListCollectionViewCell.swift */,
			);
			path = MovieList;
			sourceTree = "<group>";
		};
		C0D7A83128883FB60054FF36 /* MovieDetail */ = {
			isa = PBXGroup;
			children = (
				C0D7A82D28883F950054FF36 /* MovieDetailViewController.swift */,
				C0D7A82F28883FB00054FF36 /* MovieDetailPresenter.swift */,
				C0F9C877289020BE00F53282 /* MovieContentStackView.swift */,
			);
			path = MovieDetail;
			sourceTree = "<group>";
		};
		C0DE2E0E2877352400110F51 /* Scenes */ = {
			isa = PBXGroup;
			children = (
				C08788CD287EB39100460E08 /* MovieList */,
				C0D7A83128883FB60054FF36 /* MovieDetail */,
			);
			path = Scenes;
			sourceTree = "<group>";
		};
		C0DE2E142877366D00110F51 /* Models */ = {
			isa = PBXGroup;
			children = (
				C0DE2E102877355000110F51 /* MovieSaearchRequestModel.swift */,
				C0DE2E122877366600110F51 /* MovieSearchResponseModel.swift */,
				C0DE2E15287737AD00110F51 /* Movie.swift */,
			);
			path = Models;
			sourceTree = "<group>";
		};
		C0DE2E192877384B00110F51 /* Manager */ = {
			isa = PBXGroup;
			children = (
				C0DE2E172877382C00110F51 /* MovieSearchManager.swift */,
				C0F9C8792890247300F53282 /* UserDefaultsManager.swift */,
			);
			path = Manager;
			sourceTree = "<group>";
		};
		C0E6B2612873ADA300BCD9ED = {
			isa = PBXGroup;
			children = (
				C0E6B26C2873ADA300BCD9ED /* Movie */,
				C0E6B2832873ADA500BCD9ED /* MovieTests */,
				C0E6B28D2873ADA500BCD9ED /* MovieUITests */,
				C0E6B26B2873ADA300BCD9ED /* Products */,
				357C9131BC8D23C507837A41 /* Pods */,
				A9DF5ADFA2EEAC8E0992495B /* Frameworks */,
			);
			sourceTree = "<group>";
		};
		C0E6B26B2873ADA300BCD9ED /* Products */ = {
			isa = PBXGroup;
			children = (
				C0E6B26A2873ADA300BCD9ED /* Movie.app */,
				C0E6B2802873ADA500BCD9ED /* MovieTests.xctest */,
				C0E6B28A2873ADA500BCD9ED /* MovieUITests.xctest */,
			);
			name = Products;
			sourceTree = "<group>";
		};
		C0E6B26C2873ADA300BCD9ED /* Movie */ = {
			isa = PBXGroup;
			children = (
				C0E6B26D2873ADA300BCD9ED /* AppDelegate.swift */,
				C0E6B26F2873ADA300BCD9ED /* SceneDelegate.swift */,
				C0DE2E142877366D00110F51 /* Models */,
				C0DE2E0E2877352400110F51 /* Scenes */,
				C0DE2E192877384B00110F51 /* Manager */,
				C0E6B2762873ADA500BCD9ED /* Assets.xcassets */,
				C0E6B2782873ADA500BCD9ED /* LaunchScreen.storyboard */,
				C0E6B27B2873ADA500BCD9ED /* Info.plist */,
			);
			path = Movie;
			sourceTree = "<group>";
		};
		C0E6B2832873ADA500BCD9ED /* MovieTests */ = {
			isa = PBXGroup;
			children = (
				C0E863C62894DAD800C39621 /* Mocks */,
				C0E863C32894D50000C39621 /* Tests */,
			);
			path = MovieTests;
			sourceTree = "<group>";
		};
		C0E6B28D2873ADA500BCD9ED /* MovieUITests */ = {
			isa = PBXGroup;
			children = (
				C0E6B28E2873ADA500BCD9ED /* MovieUITests.swift */,
				C0E6B2902873ADA500BCD9ED /* MovieUITestsLaunchTests.swift */,
			);
			path = MovieUITests;
			sourceTree = "<group>";
		};
		C0E863C32894D50000C39621 /* Tests */ = {
			isa = PBXGroup;
			children = (
				C0E863C12894D4F200C39621 /* MovieListPresenterTests.swift */,
			);
			path = Tests;
			sourceTree = "<group>";
		};
		C0E863C62894DAD800C39621 /* Mocks */ = {
			isa = PBXGroup;
			children = (
				C0E863C42894DA9400C39621 /* MockMovieSearchManager.swift */,
				C0E863C72894DB0000C39621 /* MockUserDefaultsManager.swift */,
				C0E863C92895726D00C39621 /* MockMovieListViewTests.swift */,
			);
			path = Mocks;
			sourceTree = "<group>";
		};
/* End PBXGroup section */

/* Begin PBXNativeTarget section */
		C0E6B2692873ADA300BCD9ED /* Movie */ = {
			isa = PBXNativeTarget;
			buildConfigurationList = C0E6B2942873ADA500BCD9ED /* Build configuration list for PBXNativeTarget "Movie" */;
			buildPhases = (
				F3B94695D074A2863FEEAF23 /* [CP] Check Pods Manifest.lock */,
				C0E6B2662873ADA300BCD9ED /* Sources */,
				C0E6B2672873ADA300BCD9ED /* Frameworks */,
				C0E6B2682873ADA300BCD9ED /* Resources */,
				C0E6B2A62873AF1700BCD9ED /* ShellScript */,
			);
			buildRules = (
			);
			dependencies = (
			);
			name = Movie;
			packageProductDependencies = (
				C0E6B29E2873AE2C00BCD9ED /* SnapKit */,
				C0E6B2A12873AE4D00BCD9ED /* Alamofire */,
				C0E6B2A42873AE6300BCD9ED /* Kingfisher */,
			);
			productName = Movie;
			productReference = C0E6B26A2873ADA300BCD9ED /* Movie.app */;
			productType = "com.apple.product-type.application";
		};
		C0E6B27F2873ADA500BCD9ED /* MovieTests */ = {
			isa = PBXNativeTarget;
			buildConfigurationList = C0E6B2972873ADA500BCD9ED /* Build configuration list for PBXNativeTarget "MovieTests" */;
			buildPhases = (
				28E53B9C1E319BAEB2DCED1D /* [CP] Check Pods Manifest.lock */,
				C0E6B27C2873ADA500BCD9ED /* Sources */,
				C0E6B27D2873ADA500BCD9ED /* Frameworks */,
				C0E6B27E2873ADA500BCD9ED /* Resources */,
			);
			buildRules = (
			);
			dependencies = (
				C0E6B2822873ADA500BCD9ED /* PBXTargetDependency */,
			);
			name = MovieTests;
			productName = MovieTests;
			productReference = C0E6B2802873ADA500BCD9ED /* MovieTests.xctest */;
			productType = "com.apple.product-type.bundle.unit-test";
		};
		C0E6B2892873ADA500BCD9ED /* MovieUITests */ = {
			isa = PBXNativeTarget;
			buildConfigurationList = C0E6B29A2873ADA500BCD9ED /* Build configuration list for PBXNativeTarget "MovieUITests" */;
			buildPhases = (
				1D611F3473F50F6B9683EC59 /* [CP] Check Pods Manifest.lock */,
				C0E6B2862873ADA500BCD9ED /* Sources */,
				C0E6B2872873ADA500BCD9ED /* Frameworks */,
				C0E6B2882873ADA500BCD9ED /* Resources */,
			);
			buildRules = (
			);
			dependencies = (
				C0E6B28C2873ADA500BCD9ED /* PBXTargetDependency */,
			);
			name = MovieUITests;
			productName = MovieUITests;
			productReference = C0E6B28A2873ADA500BCD9ED /* MovieUITests.xctest */;
			productType = "com.apple.product-type.bundle.ui-testing";
		};
/* End PBXNativeTarget section */

/* Begin PBXProject section */
		C0E6B2622873ADA300BCD9ED /* Project object */ = {
			isa = PBXProject;
			attributes = {
				BuildIndependentTargetsInParallel = 1;
				LastSwiftUpdateCheck = 1340;
				LastUpgradeCheck = 1340;
				TargetAttributes = {
					C0E6B2692873ADA300BCD9ED = {
						CreatedOnToolsVersion = 13.4.1;
					};
					C0E6B27F2873ADA500BCD9ED = {
						CreatedOnToolsVersion = 13.4.1;
						LastSwiftMigration = 1340;
						TestTargetID = C0E6B2692873ADA300BCD9ED;
					};
					C0E6B2892873ADA500BCD9ED = {
						CreatedOnToolsVersion = 13.4.1;
						TestTargetID = C0E6B2692873ADA300BCD9ED;
					};
				};
			};
			buildConfigurationList = C0E6B2652873ADA300BCD9ED /* Build configuration list for PBXProject "Movie" */;
			compatibilityVersion = "Xcode 13.0";
			developmentRegion = en;
			hasScannedForEncodings = 0;
			knownRegions = (
				en,
				Base,
			);
			mainGroup = C0E6B2612873ADA300BCD9ED;
			packageReferences = (
				C0E6B29D2873AE2C00BCD9ED /* XCRemoteSwiftPackageReference "SnapKit" */,
				C0E6B2A02873AE4D00BCD9ED /* XCRemoteSwiftPackageReference "Alamofire" */,
				C0E6B2A32873AE6300BCD9ED /* XCRemoteSwiftPackageReference "Kingfisher" */,
			);
			productRefGroup = C0E6B26B2873ADA300BCD9ED /* Products */;
			projectDirPath = "";
			projectRoot = "";
			targets = (
				C0E6B2692873ADA300BCD9ED /* Movie */,
				C0E6B27F2873ADA500BCD9ED /* MovieTests */,
				C0E6B2892873ADA500BCD9ED /* MovieUITests */,
			);
		};
/* End PBXProject section */

/* Begin PBXResourcesBuildPhase section */
		C0E6B2682873ADA300BCD9ED /* Resources */ = {
			isa = PBXResourcesBuildPhase;
			buildActionMask = 2147483647;
			files = (
				C0E6B27A2873ADA500BCD9ED /* LaunchScreen.storyboard in Resources */,
				C0E6B2772873ADA500BCD9ED /* Assets.xcassets in Resources */,
			);
			runOnlyForDeploymentPostprocessing = 0;
		};
		C0E6B27E2873ADA500BCD9ED /* Resources */ = {
			isa = PBXResourcesBuildPhase;
			buildActionMask = 2147483647;
			files = (
			);
			runOnlyForDeploymentPostprocessing = 0;
		};
		C0E6B2882873ADA500BCD9ED /* Resources */ = {
			isa = PBXResourcesBuildPhase;
			buildActionMask = 2147483647;
			files = (
			);
			runOnlyForDeploymentPostprocessing = 0;
		};
/* End PBXResourcesBuildPhase section */

/* Begin PBXShellScriptBuildPhase section */
		1D611F3473F50F6B9683EC59 /* [CP] Check Pods Manifest.lock */ = {
			isa = PBXShellScriptBuildPhase;
			buildActionMask = 2147483647;
			files = (
			);
			inputFileListPaths = (
			);
			inputPaths = (
				"${PODS_PODFILE_DIR_PATH}/Podfile.lock",
				"${PODS_ROOT}/Manifest.lock",
			);
			name = "[CP] Check Pods Manifest.lock";
			outputFileListPaths = (
			);
			outputPaths = (
				"$(DERIVED_FILE_DIR)/Pods-Movie-MovieUITests-checkManifestLockResult.txt",
			);
			runOnlyForDeploymentPostprocessing = 0;
			shellPath = /bin/sh;
			shellScript = "diff \"${PODS_PODFILE_DIR_PATH}/Podfile.lock\" \"${PODS_ROOT}/Manifest.lock\" > /dev/null\nif [ $? != 0 ] ; then\n    # print error to STDERR\n    echo \"error: The sandbox is not in sync with the Podfile.lock. Run 'pod install' or update your CocoaPods installation.\" >&2\n    exit 1\nfi\n# This output is used by Xcode 'outputs' to avoid re-running this script phase.\necho \"SUCCESS\" > \"${SCRIPT_OUTPUT_FILE_0}\"\n";
			showEnvVarsInLog = 0;
		};
		28E53B9C1E319BAEB2DCED1D /* [CP] Check Pods Manifest.lock */ = {
			isa = PBXShellScriptBuildPhase;
			buildActionMask = 2147483647;
			files = (
			);
			inputFileListPaths = (
			);
			inputPaths = (
				"${PODS_PODFILE_DIR_PATH}/Podfile.lock",
				"${PODS_ROOT}/Manifest.lock",
			);
			name = "[CP] Check Pods Manifest.lock";
			outputFileListPaths = (
			);
			outputPaths = (
				"$(DERIVED_FILE_DIR)/Pods-MovieTests-checkManifestLockResult.txt",
			);
			runOnlyForDeploymentPostprocessing = 0;
			shellPath = /bin/sh;
			shellScript = "diff \"${PODS_PODFILE_DIR_PATH}/Podfile.lock\" \"${PODS_ROOT}/Manifest.lock\" > /dev/null\nif [ $? != 0 ] ; then\n    # print error to STDERR\n    echo \"error: The sandbox is not in sync with the Podfile.lock. Run 'pod install' or update your CocoaPods installation.\" >&2\n    exit 1\nfi\n# This output is used by Xcode 'outputs' to avoid re-running this script phase.\necho \"SUCCESS\" > \"${SCRIPT_OUTPUT_FILE_0}\"\n";
			showEnvVarsInLog = 0;
		};
		C0E6B2A62873AF1700BCD9ED /* ShellScript */ = {
			isa = PBXShellScriptBuildPhase;
			buildActionMask = 2147483647;
			files = (
			);
			inputFileListPaths = (
			);
			inputPaths = (
			);
			outputFileListPaths = (
			);
			outputPaths = (
			);
			runOnlyForDeploymentPostprocessing = 0;
			shellPath = /bin/sh;
			shellScript = "\"${PODS_ROOT}/SwiftLint/swiftlint\"\n";
		};
		F3B94695D074A2863FEEAF23 /* [CP] Check Pods Manifest.lock */ = {
			isa = PBXShellScriptBuildPhase;
			buildActionMask = 2147483647;
			files = (
			);
			inputFileListPaths = (
			);
			inputPaths = (
				"${PODS_PODFILE_DIR_PATH}/Podfile.lock",
				"${PODS_ROOT}/Manifest.lock",
			);
			name = "[CP] Check Pods Manifest.lock";
			outputFileListPaths = (
			);
			outputPaths = (
				"$(DERIVED_FILE_DIR)/Pods-Movie-checkManifestLockResult.txt",
			);
			runOnlyForDeploymentPostprocessing = 0;
			shellPath = /bin/sh;
			shellScript = "diff \"${PODS_PODFILE_DIR_PATH}/Podfile.lock\" \"${PODS_ROOT}/Manifest.lock\" > /dev/null\nif [ $? != 0 ] ; then\n    # print error to STDERR\n    echo \"error: The sandbox is not in sync with the Podfile.lock. Run 'pod install' or update your CocoaPods installation.\" >&2\n    exit 1\nfi\n# This output is used by Xcode 'outputs' to avoid re-running this script phase.\necho \"SUCCESS\" > \"${SCRIPT_OUTPUT_FILE_0}\"\n";
			showEnvVarsInLog = 0;
		};
/* End PBXShellScriptBuildPhase section */

/* Begin PBXSourcesBuildPhase section */
		C0E6B2662873ADA300BCD9ED /* Sources */ = {
			isa = PBXSourcesBuildPhase;
			buildActionMask = 2147483647;
			files = (
				C0DE2E132877366600110F51 /* MovieSearchResponseModel.swift in Sources */,
				C0DE2E112877355000110F51 /* MovieSaearchRequestModel.swift in Sources */,
				C0DE2E16287737AD00110F51 /* Movie.swift in Sources */,
				C0E6B2722873ADA300BCD9ED /* MovieListViewController.swift in Sources */,
				C08788CC287EB38A00460E08 /* MovieListCollectionViewCell.swift in Sources */,
				C0E6B26E2873ADA300BCD9ED /* AppDelegate.swift in Sources */,
				C0D7A82E28883F950054FF36 /* MovieDetailViewController.swift in Sources */,
				C0D7A83028883FB00054FF36 /* MovieDetailPresenter.swift in Sources */,
				C0DE2E182877382C00110F51 /* MovieSearchManager.swift in Sources */,
				C0F9C87A2890247300F53282 /* UserDefaultsManager.swift in Sources */,
				C0E6B2702873ADA300BCD9ED /* SceneDelegate.swift in Sources */,
				C0F9C878289020BE00F53282 /* MovieContentStackView.swift in Sources */,
				C0F15C35287D4553000C190F /* MovieListPresenter.swift in Sources */,
			);
			runOnlyForDeploymentPostprocessing = 0;
		};
		C0E6B27C2873ADA500BCD9ED /* Sources */ = {
			isa = PBXSourcesBuildPhase;
			buildActionMask = 2147483647;
			files = (
				C0E863C52894DA9400C39621 /* MockMovieSearchManager.swift in Sources */,
				C0E863C22894D4F200C39621 /* MovieListPresenterTests.swift in Sources */,
				C0E863C82894DB0000C39621 /* MockUserDefaultsManager.swift in Sources */,
				C0E863CA2895726D00C39621 /* MockMovieListViewTests.swift in Sources */,
			);
			runOnlyForDeploymentPostprocessing = 0;
		};
		C0E6B2862873ADA500BCD9ED /* Sources */ = {
			isa = PBXSourcesBuildPhase;
			buildActionMask = 2147483647;
			files = (
				C0E6B28F2873ADA500BCD9ED /* MovieUITests.swift in Sources */,
				C0E6B2912873ADA500BCD9ED /* MovieUITestsLaunchTests.swift in Sources */,
			);
			runOnlyForDeploymentPostprocessing = 0;
		};
/* End PBXSourcesBuildPhase section */

/* Begin PBXTargetDependency section */
		C0E6B2822873ADA500BCD9ED /* PBXTargetDependency */ = {
			isa = PBXTargetDependency;
			target = C0E6B2692873ADA300BCD9ED /* Movie */;
			targetProxy = C0E6B2812873ADA500BCD9ED /* PBXContainerItemProxy */;
		};
		C0E6B28C2873ADA500BCD9ED /* PBXTargetDependency */ = {
			isa = PBXTargetDependency;
			target = C0E6B2692873ADA300BCD9ED /* Movie */;
			targetProxy = C0E6B28B2873ADA500BCD9ED /* PBXContainerItemProxy */;
		};
/* End PBXTargetDependency section */

/* Begin PBXVariantGroup section */
		C0E6B2782873ADA500BCD9ED /* LaunchScreen.storyboard */ = {
			isa = PBXVariantGroup;
			children = (
				C0E6B2792873ADA500BCD9ED /* Base */,
			);
			name = LaunchScreen.storyboard;
			sourceTree = "<group>";
		};
/* End PBXVariantGroup section */

/* Begin XCBuildConfiguration section */
		C0E6B2922873ADA500BCD9ED /* Debug */ = {
			isa = XCBuildConfiguration;
			buildSettings = {
				ALWAYS_SEARCH_USER_PATHS = NO;
				CLANG_ANALYZER_NONNULL = YES;
				CLANG_ANALYZER_NUMBER_OBJECT_CONVERSION = YES_AGGRESSIVE;
				CLANG_CXX_LANGUAGE_STANDARD = "gnu++17";
				CLANG_ENABLE_MODULES = YES;
				CLANG_ENABLE_OBJC_ARC = YES;
				CLANG_ENABLE_OBJC_WEAK = YES;
				CLANG_WARN_BLOCK_CAPTURE_AUTORELEASING = YES;
				CLANG_WARN_BOOL_CONVERSION = YES;
				CLANG_WARN_COMMA = YES;
				CLANG_WARN_CONSTANT_CONVERSION = YES;
				CLANG_WARN_DEPRECATED_OBJC_IMPLEMENTATIONS = YES;
				CLANG_WARN_DIRECT_OBJC_ISA_USAGE = YES_ERROR;
				CLANG_WARN_DOCUMENTATION_COMMENTS = YES;
				CLANG_WARN_EMPTY_BODY = YES;
				CLANG_WARN_ENUM_CONVERSION = YES;
				CLANG_WARN_INFINITE_RECURSION = YES;
				CLANG_WARN_INT_CONVERSION = YES;
				CLANG_WARN_NON_LITERAL_NULL_CONVERSION = YES;
				CLANG_WARN_OBJC_IMPLICIT_RETAIN_SELF = YES;
				CLANG_WARN_OBJC_LITERAL_CONVERSION = YES;
				CLANG_WARN_OBJC_ROOT_CLASS = YES_ERROR;
				CLANG_WARN_QUOTED_INCLUDE_IN_FRAMEWORK_HEADER = YES;
				CLANG_WARN_RANGE_LOOP_ANALYSIS = YES;
				CLANG_WARN_STRICT_PROTOTYPES = YES;
				CLANG_WARN_SUSPICIOUS_MOVE = YES;
				CLANG_WARN_UNGUARDED_AVAILABILITY = YES_AGGRESSIVE;
				CLANG_WARN_UNREACHABLE_CODE = YES;
				CLANG_WARN__DUPLICATE_METHOD_MATCH = YES;
				COPY_PHASE_STRIP = NO;
				DEBUG_INFORMATION_FORMAT = dwarf;
				ENABLE_STRICT_OBJC_MSGSEND = YES;
				ENABLE_TESTABILITY = YES;
				GCC_C_LANGUAGE_STANDARD = gnu11;
				GCC_DYNAMIC_NO_PIC = NO;
				GCC_NO_COMMON_BLOCKS = YES;
				GCC_OPTIMIZATION_LEVEL = 0;
				GCC_PREPROCESSOR_DEFINITIONS = (
					"DEBUG=1",
					"$(inherited)",
				);
				GCC_WARN_64_TO_32_BIT_CONVERSION = YES;
				GCC_WARN_ABOUT_RETURN_TYPE = YES_ERROR;
				GCC_WARN_UNDECLARED_SELECTOR = YES;
				GCC_WARN_UNINITIALIZED_AUTOS = YES_AGGRESSIVE;
				GCC_WARN_UNUSED_FUNCTION = YES;
				GCC_WARN_UNUSED_VARIABLE = YES;
				IPHONEOS_DEPLOYMENT_TARGET = 15.5;
				MTL_ENABLE_DEBUG_INFO = INCLUDE_SOURCE;
				MTL_FAST_MATH = YES;
				ONLY_ACTIVE_ARCH = YES;
				SDKROOT = iphoneos;
				SWIFT_ACTIVE_COMPILATION_CONDITIONS = DEBUG;
				SWIFT_OPTIMIZATION_LEVEL = "-Onone";
			};
			name = Debug;
		};
		C0E6B2932873ADA500BCD9ED /* Release */ = {
			isa = XCBuildConfiguration;
			buildSettings = {
				ALWAYS_SEARCH_USER_PATHS = NO;
				CLANG_ANALYZER_NONNULL = YES;
				CLANG_ANALYZER_NUMBER_OBJECT_CONVERSION = YES_AGGRESSIVE;
				CLANG_CXX_LANGUAGE_STANDARD = "gnu++17";
				CLANG_ENABLE_MODULES = YES;
				CLANG_ENABLE_OBJC_ARC = YES;
				CLANG_ENABLE_OBJC_WEAK = YES;
				CLANG_WARN_BLOCK_CAPTURE_AUTORELEASING = YES;
				CLANG_WARN_BOOL_CONVERSION = YES;
				CLANG_WARN_COMMA = YES;
				CLANG_WARN_CONSTANT_CONVERSION = YES;
				CLANG_WARN_DEPRECATED_OBJC_IMPLEMENTATIONS = YES;
				CLANG_WARN_DIRECT_OBJC_ISA_USAGE = YES_ERROR;
				CLANG_WARN_DOCUMENTATION_COMMENTS = YES;
				CLANG_WARN_EMPTY_BODY = YES;
				CLANG_WARN_ENUM_CONVERSION = YES;
				CLANG_WARN_INFINITE_RECURSION = YES;
				CLANG_WARN_INT_CONVERSION = YES;
				CLANG_WARN_NON_LITERAL_NULL_CONVERSION = YES;
				CLANG_WARN_OBJC_IMPLICIT_RETAIN_SELF = YES;
				CLANG_WARN_OBJC_LITERAL_CONVERSION = YES;
				CLANG_WARN_OBJC_ROOT_CLASS = YES_ERROR;
				CLANG_WARN_QUOTED_INCLUDE_IN_FRAMEWORK_HEADER = YES;
				CLANG_WARN_RANGE_LOOP_ANALYSIS = YES;
				CLANG_WARN_STRICT_PROTOTYPES = YES;
				CLANG_WARN_SUSPICIOUS_MOVE = YES;
				CLANG_WARN_UNGUARDED_AVAILABILITY = YES_AGGRESSIVE;
				CLANG_WARN_UNREACHABLE_CODE = YES;
				CLANG_WARN__DUPLICATE_METHOD_MATCH = YES;
				COPY_PHASE_STRIP = NO;
				DEBUG_INFORMATION_FORMAT = "dwarf-with-dsym";
				ENABLE_NS_ASSERTIONS = NO;
				ENABLE_STRICT_OBJC_MSGSEND = YES;
				GCC_C_LANGUAGE_STANDARD = gnu11;
				GCC_NO_COMMON_BLOCKS = YES;
				GCC_WARN_64_TO_32_BIT_CONVERSION = YES;
				GCC_WARN_ABOUT_RETURN_TYPE = YES_ERROR;
				GCC_WARN_UNDECLARED_SELECTOR = YES;
				GCC_WARN_UNINITIALIZED_AUTOS = YES_AGGRESSIVE;
				GCC_WARN_UNUSED_FUNCTION = YES;
				GCC_WARN_UNUSED_VARIABLE = YES;
				IPHONEOS_DEPLOYMENT_TARGET = 15.5;
				MTL_ENABLE_DEBUG_INFO = NO;
				MTL_FAST_MATH = YES;
				SDKROOT = iphoneos;
				SWIFT_COMPILATION_MODE = wholemodule;
				SWIFT_OPTIMIZATION_LEVEL = "-O";
				VALIDATE_PRODUCT = YES;
			};
			name = Release;
		};
		C0E6B2952873ADA500BCD9ED /* Debug */ = {
			isa = XCBuildConfiguration;
			baseConfigurationReference = 3742D9C4AA50CF5A0A9EF5D9 /* Pods-Movie.debug.xcconfig */;
			buildSettings = {
				ASSETCATALOG_COMPILER_APPICON_NAME = AppIcon;
				ASSETCATALOG_COMPILER_GLOBAL_ACCENT_COLOR_NAME = AccentColor;
				CODE_SIGN_STYLE = Automatic;
				CURRENT_PROJECT_VERSION = 1;
				DEVELOPMENT_TEAM = 6NDM2TJS37;
				GENERATE_INFOPLIST_FILE = YES;
				INFOPLIST_FILE = Movie/Info.plist;
				INFOPLIST_KEY_UIApplicationSupportsIndirectInputEvents = YES;
				INFOPLIST_KEY_UILaunchStoryboardName = LaunchScreen;
				INFOPLIST_KEY_UISupportedInterfaceOrientations_iPad = "UIInterfaceOrientationPortrait UIInterfaceOrientationPortraitUpsideDown UIInterfaceOrientationLandscapeLeft UIInterfaceOrientationLandscapeRight";
				INFOPLIST_KEY_UISupportedInterfaceOrientations_iPhone = "UIInterfaceOrientationPortrait UIInterfaceOrientationLandscapeLeft UIInterfaceOrientationLandscapeRight";
				LD_RUNPATH_SEARCH_PATHS = (
					"$(inherited)",
					"@executable_path/Frameworks",
				);
				MARKETING_VERSION = 1.0;
				PRODUCT_BUNDLE_IDENTIFIER = kr.ac.induk.pjy.Movie;
				PRODUCT_NAME = "$(TARGET_NAME)";
				SWIFT_EMIT_LOC_STRINGS = YES;
				SWIFT_VERSION = 5.0;
				TARGETED_DEVICE_FAMILY = "1,2";
			};
			name = Debug;
		};
		C0E6B2962873ADA500BCD9ED /* Release */ = {
			isa = XCBuildConfiguration;
			baseConfigurationReference = 84F56B36432129D44D8703BF /* Pods-Movie.release.xcconfig */;
			buildSettings = {
				ASSETCATALOG_COMPILER_APPICON_NAME = AppIcon;
				ASSETCATALOG_COMPILER_GLOBAL_ACCENT_COLOR_NAME = AccentColor;
				CODE_SIGN_STYLE = Automatic;
				CURRENT_PROJECT_VERSION = 1;
				DEVELOPMENT_TEAM = 6NDM2TJS37;
				GENERATE_INFOPLIST_FILE = YES;
				INFOPLIST_FILE = Movie/Info.plist;
				INFOPLIST_KEY_UIApplicationSupportsIndirectInputEvents = YES;
				INFOPLIST_KEY_UILaunchStoryboardName = LaunchScreen;
				INFOPLIST_KEY_UISupportedInterfaceOrientations_iPad = "UIInterfaceOrientationPortrait UIInterfaceOrientationPortraitUpsideDown UIInterfaceOrientationLandscapeLeft UIInterfaceOrientationLandscapeRight";
				INFOPLIST_KEY_UISupportedInterfaceOrientations_iPhone = "UIInterfaceOrientationPortrait UIInterfaceOrientationLandscapeLeft UIInterfaceOrientationLandscapeRight";
				LD_RUNPATH_SEARCH_PATHS = (
					"$(inherited)",
					"@executable_path/Frameworks",
				);
				MARKETING_VERSION = 1.0;
				PRODUCT_BUNDLE_IDENTIFIER = kr.ac.induk.pjy.Movie;
				PRODUCT_NAME = "$(TARGET_NAME)";
				SWIFT_EMIT_LOC_STRINGS = YES;
				SWIFT_VERSION = 5.0;
				TARGETED_DEVICE_FAMILY = "1,2";
			};
			name = Release;
		};
		C0E6B2982873ADA500BCD9ED /* Debug */ = {
			isa = XCBuildConfiguration;
			baseConfigurationReference = E39ED27DE21A5255884AD7BD /* Pods-MovieTests.debug.xcconfig */;
			buildSettings = {
				ALWAYS_EMBED_SWIFT_STANDARD_LIBRARIES = YES;
				BUNDLE_LOADER = "$(TEST_HOST)";
				CLANG_ENABLE_MODULES = YES;
				CODE_SIGN_STYLE = Automatic;
				CURRENT_PROJECT_VERSION = 1;
				DEVELOPMENT_TEAM = 6NDM2TJS37;
				GENERATE_INFOPLIST_FILE = YES;
				IPHONEOS_DEPLOYMENT_TARGET = 15.5;
				LD_RUNPATH_SEARCH_PATHS = (
					"$(inherited)",
					"@executable_path/Frameworks",
					"@loader_path/Frameworks",
				);
				MARKETING_VERSION = 1.0;
				PRODUCT_BUNDLE_IDENTIFIER = kr.ac.induk.pjy.MovieTests;
				PRODUCT_NAME = "$(TARGET_NAME)";
				SWIFT_EMIT_LOC_STRINGS = NO;
				SWIFT_OBJC_BRIDGING_HEADER = "MovieTests/MovieTests-Bridging-Header.h";
				SWIFT_OPTIMIZATION_LEVEL = "-Onone";
				SWIFT_VERSION = 5.0;
				TARGETED_DEVICE_FAMILY = "1,2";
				TEST_HOST = "$(BUILT_PRODUCTS_DIR)/Movie.app/Movie";
			};
			name = Debug;
		};
		C0E6B2992873ADA500BCD9ED /* Release */ = {
			isa = XCBuildConfiguration;
			baseConfigurationReference = 4FB8780B907C446118DDCC21 /* Pods-MovieTests.release.xcconfig */;
			buildSettings = {
				ALWAYS_EMBED_SWIFT_STANDARD_LIBRARIES = YES;
				BUNDLE_LOADER = "$(TEST_HOST)";
				CLANG_ENABLE_MODULES = YES;
				CODE_SIGN_STYLE = Automatic;
				CURRENT_PROJECT_VERSION = 1;
				DEVELOPMENT_TEAM = 6NDM2TJS37;
				GENERATE_INFOPLIST_FILE = YES;
				IPHONEOS_DEPLOYMENT_TARGET = 15.5;
				LD_RUNPATH_SEARCH_PATHS = (
					"$(inherited)",
					"@executable_path/Frameworks",
					"@loader_path/Frameworks",
				);
				MARKETING_VERSION = 1.0;
				PRODUCT_BUNDLE_IDENTIFIER = kr.ac.induk.pjy.MovieTests;
				PRODUCT_NAME = "$(TARGET_NAME)";
				SWIFT_EMIT_LOC_STRINGS = NO;
				SWIFT_OBJC_BRIDGING_HEADER = "MovieTests/MovieTests-Bridging-Header.h";
				SWIFT_VERSION = 5.0;
				TARGETED_DEVICE_FAMILY = "1,2";
				TEST_HOST = "$(BUILT_PRODUCTS_DIR)/Movie.app/Movie";
			};
			name = Release;
		};
		C0E6B29B2873ADA500BCD9ED /* Debug */ = {
			isa = XCBuildConfiguration;
			baseConfigurationReference = D589E05698333C1989AD13B5 /* Pods-Movie-MovieUITests.debug.xcconfig */;
			buildSettings = {
				ALWAYS_EMBED_SWIFT_STANDARD_LIBRARIES = YES;
				CODE_SIGN_STYLE = Automatic;
				CURRENT_PROJECT_VERSION = 1;
				DEVELOPMENT_TEAM = 6NDM2TJS37;
				GENERATE_INFOPLIST_FILE = YES;
				MARKETING_VERSION = 1.0;
				PRODUCT_BUNDLE_IDENTIFIER = kr.ac.induk.pjy.MovieUITests;
				PRODUCT_NAME = "$(TARGET_NAME)";
				SWIFT_EMIT_LOC_STRINGS = NO;
				SWIFT_VERSION = 5.0;
				TARGETED_DEVICE_FAMILY = "1,2";
				TEST_TARGET_NAME = Movie;
			};
			name = Debug;
		};
		C0E6B29C2873ADA500BCD9ED /* Release */ = {
			isa = XCBuildConfiguration;
			baseConfigurationReference = 70DF393360394C3E8B56F2A2 /* Pods-Movie-MovieUITests.release.xcconfig */;
			buildSettings = {
				ALWAYS_EMBED_SWIFT_STANDARD_LIBRARIES = YES;
				CODE_SIGN_STYLE = Automatic;
				CURRENT_PROJECT_VERSION = 1;
				DEVELOPMENT_TEAM = 6NDM2TJS37;
				GENERATE_INFOPLIST_FILE = YES;
				MARKETING_VERSION = 1.0;
				PRODUCT_BUNDLE_IDENTIFIER = kr.ac.induk.pjy.MovieUITests;
				PRODUCT_NAME = "$(TARGET_NAME)";
				SWIFT_EMIT_LOC_STRINGS = NO;
				SWIFT_VERSION = 5.0;
				TARGETED_DEVICE_FAMILY = "1,2";
				TEST_TARGET_NAME = Movie;
			};
			name = Release;
		};
/* End XCBuildConfiguration section */

/* Begin XCConfigurationList section */
		C0E6B2652873ADA300BCD9ED /* Build configuration list for PBXProject "Movie" */ = {
			isa = XCConfigurationList;
			buildConfigurations = (
				C0E6B2922873ADA500BCD9ED /* Debug */,
				C0E6B2932873ADA500BCD9ED /* Release */,
			);
			defaultConfigurationIsVisible = 0;
			defaultConfigurationName = Release;
		};
		C0E6B2942873ADA500BCD9ED /* Build configuration list for PBXNativeTarget "Movie" */ = {
			isa = XCConfigurationList;
			buildConfigurations = (
				C0E6B2952873ADA500BCD9ED /* Debug */,
				C0E6B2962873ADA500BCD9ED /* Release */,
			);
			defaultConfigurationIsVisible = 0;
			defaultConfigurationName = Release;
		};
		C0E6B2972873ADA500BCD9ED /* Build configuration list for PBXNativeTarget "MovieTests" */ = {
			isa = XCConfigurationList;
			buildConfigurations = (
				C0E6B2982873ADA500BCD9ED /* Debug */,
				C0E6B2992873ADA500BCD9ED /* Release */,
			);
			defaultConfigurationIsVisible = 0;
			defaultConfigurationName = Release;
		};
		C0E6B29A2873ADA500BCD9ED /* Build configuration list for PBXNativeTarget "MovieUITests" */ = {
			isa = XCConfigurationList;
			buildConfigurations = (
				C0E6B29B2873ADA500BCD9ED /* Debug */,
				C0E6B29C2873ADA500BCD9ED /* Release */,
			);
			defaultConfigurationIsVisible = 0;
			defaultConfigurationName = Release;
		};
/* End XCConfigurationList section */

/* Begin XCRemoteSwiftPackageReference section */
		C0E6B29D2873AE2C00BCD9ED /* XCRemoteSwiftPackageReference "SnapKit" */ = {
			isa = XCRemoteSwiftPackageReference;
			repositoryURL = "https://github.com/SnapKit/SnapKit.git";
			requirement = {
				branch = develop;
				kind = branch;
			};
		};
		C0E6B2A02873AE4D00BCD9ED /* XCRemoteSwiftPackageReference "Alamofire" */ = {
			isa = XCRemoteSwiftPackageReference;
			repositoryURL = "https://github.com/Alamofire/Alamofire.git";
			requirement = {
				branch = master;
				kind = branch;
			};
		};
		C0E6B2A32873AE6300BCD9ED /* XCRemoteSwiftPackageReference "Kingfisher" */ = {
			isa = XCRemoteSwiftPackageReference;
			repositoryURL = "https://github.com/onevcat/Kingfisher.git";
			requirement = {
				branch = master;
				kind = branch;
			};
		};
/* End XCRemoteSwiftPackageReference section */

/* Begin XCSwiftPackageProductDependency section */
		C0E6B29E2873AE2C00BCD9ED /* SnapKit */ = {
			isa = XCSwiftPackageProductDependency;
			package = C0E6B29D2873AE2C00BCD9ED /* XCRemoteSwiftPackageReference "SnapKit" */;
			productName = SnapKit;
		};
		C0E6B2A12873AE4D00BCD9ED /* Alamofire */ = {
			isa = XCSwiftPackageProductDependency;
			package = C0E6B2A02873AE4D00BCD9ED /* XCRemoteSwiftPackageReference "Alamofire" */;
			productName = Alamofire;
		};
		C0E6B2A42873AE6300BCD9ED /* Kingfisher */ = {
			isa = XCSwiftPackageProductDependency;
			package = C0E6B2A32873AE6300BCD9ED /* XCRemoteSwiftPackageReference "Kingfisher" */;
			productName = Kingfisher;
		};
/* End XCSwiftPackageProductDependency section */
	};
	rootObject = C0E6B2622873ADA300BCD9ED /* Project object */;
}
